
Microsoft Visual Studio Solution File, Format Version 12.00
# Visual Studio Version 17
VisualStudioVersion = 17.0.31903.59
MinimumVisualStudioVersion = 10.0.40219.1
Project("{9A19103F-16F7-4668-BE54-9A1E7A4F7556}") = "CleanCodeExamination", "CleanCodeExamination\CleanCodeExamination.csproj", "{FF115E89-4FE6-4E54-A996-7853D51CB832}"
EndProject
Project("{9A19103F-16F7-4668-BE54-9A1E7A4F7556}") = "TestProject3", "TestProject3\TestProject3.csproj", "{5325728A-353A-4519-BA96-8424E2451490}"
EndProject
Global
	GlobalSection(SolutionConfigurationPlatforms) = preSolution
		Debug|Any CPU = Debug|Any CPU
		Release|Any CPU = Release|Any CPU
	EndGlobalSection
	GlobalSection(ProjectConfigurationPlatforms) = postSolution
		{FF115E89-4FE6-4E54-A996-7853D51CB832}.Debug|Any CPU.ActiveCfg = Debug|Any CPU
		{FF115E89-4FE6-4E54-A996-7853D51CB832}.Debug|Any CPU.Build.0 = Debug|Any CPU
		{FF115E89-4FE6-4E54-A996-7853D51CB832}.Release|Any CPU.ActiveCfg = Release|Any CPU
		{FF115E89-4FE6-4E54-A996-7853D51CB832}.Release|Any CPU.Build.0 = Release|Any CPU
		{5325728A-353A-4519-BA96-8424E2451490}.Debug|Any CPU.ActiveCfg = Debug|Any CPU
		{5325728A-353A-4519-BA96-8424E2451490}.Debug|Any CPU.Build.0 = Debug|Any CPU
		{5325728A-353A-4519-BA96-8424E2451490}.Release|Any CPU.ActiveCfg = Release|Any CPU
		{5325728A-353A-4519-BA96-8424E2451490}.Release|Any CPU.Build.0 = Release|Any CPU
	EndGlobalSection
	GlobalSection(SolutionProperties) = preSolution
		HideSolutionNode = FALSE
	EndGlobalSection
	GlobalSection(ExtensibilityGlobals) = postSolution
		SolutionGuid = {E78E5BB3-744E-4341-B445-B1EDFD69CA4F}
	EndGlobalSection
EndGlobal
